{
  "name": "jenkin-demo-app",
  "version": "1.0.0",
  "lockfileVersion": 1,
  "requires": true,
  "dependencies": {
    "@cometchat-pro/chat": {
      "version": "1.2.0",
      "resolved": "https://registry.npmjs.org/@cometchat-pro/chat/-/chat-1.2.0.tgz",
      "integrity": "sha512-Clsx/eJbu0VA6FalEslA25zC9VbTv5lSLpbKKvBqFgFeDj/pY2o2bzG3edqKj3BSytjtUYgRuqHPp4wjXrgw8A=="
    }
  }
}
